// !$*UTF8*$!
{
	archiveVersion = 1;
	classes = {
	};
	objectVersion = 56;
	objects = {

/* Begin PBXBuildFile section */
		C56B299E29F41737004EC15A /* TabView.swift in Sources */ = {isa = PBXBuildFile; fileRef = C56B299929F41737004EC15A /* TabView.swift */; };
		C56B299F29F41737004EC15A /* DataModel.swift in Sources */ = {isa = PBXBuildFile; fileRef = C56B299A29F41737004EC15A /* DataModel.swift */; };
		C56B29A029F41737004EC15A /* ExpensesView.swift in Sources */ = {isa = PBXBuildFile; fileRef = C56B299B29F41737004EC15A /* ExpensesView.swift */; };
		C56B29A129F41737004EC15A /* ChartView.swift in Sources */ = {isa = PBXBuildFile; fileRef = C56B299C29F41737004EC15A /* ChartView.swift */; };
		C56B29A229F41737004EC15A /* IncomeView.swift in Sources */ = {isa = PBXBuildFile; fileRef = C56B299D29F41737004EC15A /* IncomeView.swift */; };
		C573F24829EF2895002B6EF8 /* MyFinanceApp.swift in Sources */ = {isa = PBXBuildFile; fileRef = C573F24729EF2895002B6EF8 /* MyFinanceApp.swift */; };
		C573F24A29EF2895002B6EF8 /* ContentView.swift in Sources */ = {isa = PBXBuildFile; fileRef = C573F24929EF2895002B6EF8 /* ContentView.swift */; };
		C573F24C29EF2896002B6EF8 /* Assets.xcassets in Resources */ = {isa = PBXBuildFile; fileRef = C573F24B29EF2896002B6EF8 /* Assets.xcassets */; };
		C573F24F29EF2896002B6EF8 /* Preview Assets.xcassets in Resources */ = {isa = PBXBuildFile; fileRef = C573F24E29EF2896002B6EF8 /* Preview Assets.xcassets */; };
		C573F25129EF2896002B6EF8 /* Persistence.swift in Sources */ = {isa = PBXBuildFile; fileRef = C573F25029EF2896002B6EF8 /* Persistence.swift */; };
		C573F25429EF2896002B6EF8 /* MyFinance.xcdatamodeld in Sources */ = {isa = PBXBuildFile; fileRef = C573F25229EF2896002B6EF8 /* MyFinance.xcdatamodeld */; };
/* End PBXBuildFile section */

/* Begin PBXFileReference section */
		C56B299929F41737004EC15A /* TabView.swift */ = {isa = PBXFileReference; fileEncoding = 4; lastKnownFileType = sourcecode.swift; path = TabView.swift; sourceTree = "<group>"; };
		C56B299A29F41737004EC15A /* DataModel.swift */ = {isa = PBXFileReference; fileEncoding = 4; lastKnownFileType = sourcecode.swift; path = DataModel.swift; sourceTree = "<group>"; };
		C56B299B29F41737004EC15A /* ExpensesView.swift */ = {isa = PBXFileReference; fileEncoding = 4; lastKnownFileType = sourcecode.swift; path = ExpensesView.swift; sourceTree = "<group>"; };
		C56B299C29F41737004EC15A /* ChartView.swift */ = {isa = PBXFileReference; fileEncoding = 4; lastKnownFileType = sourcecode.swift; path = ChartView.swift; sourceTree = "<group>"; };
		C56B299D29F41737004EC15A /* IncomeView.swift */ = {isa = PBXFileReference; fileEncoding = 4; lastKnownFileType = sourcecode.swift; path = IncomeView.swift; sourceTree = "<group>"; };
		C573F24429EF2895002B6EF8 /* MyFinance.app */ = {isa = PBXFileReference; explicitFileType = wrapper.application; includeInIndex = 0; path = MyFinance.app; sourceTree = BUILT_PRODUCTS_DIR; };
		C573F24729EF2895002B6EF8 /* MyFinanceApp.swift */ = {isa = PBXFileReference; lastKnownFileType = sourcecode.swift; path = MyFinanceApp.swift; sourceTree = "<group>"; };
		C573F24929EF2895002B6EF8 /* ContentView.swift */ = {isa = PBXFileReference; lastKnownFileType = sourcecode.swift; path = ContentView.swift; sourceTree = "<group>"; };
		C573F24B29EF2896002B6EF8 /* Assets.xcassets */ = {isa = PBXFileReference; lastKnownFileType = folder.assetcatalog; path = Assets.xcassets; sourceTree = "<group>"; };
		C573F24E29EF2896002B6EF8 /* Preview Assets.xcassets */ = {isa = PBXFileReference; lastKnownFileType = folder.assetcatalog; path = "Preview Assets.xcassets"; sourceTree = "<group>"; };
		C573F25029EF2896002B6EF8 /* Persistence.swift */ = {isa = PBXFileReference; lastKnownFileType = sourcecode.swift; path = Persistence.swift; sourceTree = "<group>"; };
		C573F25329EF2896002B6EF8 /* MyFinance.xcdatamodel */ = {isa = PBXFileReference; lastKnownFileType = wrapper.xcdatamodel; path = MyFinance.xcdatamodel; sourceTree = "<group>"; };
/* End PBXFileReference section */

/* Begin PBXFrameworksBuildPhase section */
		C573F24129EF2895002B6EF8 /* Frameworks */ = {
			isa = PBXFrameworksBuildPhase;
			buildActionMask = 2147483647;
			files = (
			);
			runOnlyForDeploymentPostprocessing = 0;
		};
/* End PBXFrameworksBuildPhase section */

/* Begin PBXGroup section */
		C573F23B29EF2895002B6EF8 = {
			isa = PBXGroup;
			children = (
				C56B299C29F41737004EC15A /* ChartView.swift */,
				C56B299A29F41737004EC15A /* DataModel.swift */,
				C56B299B29F41737004EC15A /* ExpensesView.swift */,
				C56B299D29F41737004EC15A /* IncomeView.swift */,
				C56B299929F41737004EC15A /* TabView.swift */,
				C573F24629EF2895002B6EF8 /* MyFinance */,
				C573F24529EF2895002B6EF8 /* Products */,
			);
			sourceTree = "<group>";
		};
		C573F24529EF2895002B6EF8 /* Products */ = {
			isa = PBXGroup;
			children = (
				C573F24429EF2895002B6EF8 /* MyFinance.app */,
			);
			name = Products;
			sourceTree = "<group>";
		};
		C573F24629EF2895002B6EF8 /* MyFinance */ = {
			isa = PBXGroup;
			children = (
				C573F24729EF2895002B6EF8 /* MyFinanceApp.swift */,
				C573F24929EF2895002B6EF8 /* ContentView.swift */,
				C573F24B29EF2896002B6EF8 /* Assets.xcassets */,
				C573F25029EF2896002B6EF8 /* Persistence.swift */,
				C573F25229EF2896002B6EF8 /* MyFinance.xcdatamodeld */,
				C573F24D29EF2896002B6EF8 /* Preview Content */,
			);
			path = MyFinance;
			sourceTree = "<group>";
		};
		C573F24D29EF2896002B6EF8 /* Preview Content */ = {
			isa = PBXGroup;
			children = (
				C573F24E29EF2896002B6EF8 /* Preview Assets.xcassets */,
			);
			path = "Preview Content";
			sourceTree = "<group>";
		};
/* End PBXGroup section */

/* Begin PBXNativeTarget section */
		C573F24329EF2895002B6EF8 /* MyFinance */ = {
			isa = PBXNativeTarget;
			buildConfigurationList = C573F25729EF2896002B6EF8 /* Build configuration list for PBXNativeTarget "MyFinance" */;
			buildPhases = (
				C573F24029EF2895002B6EF8 /* Sources */,
				C573F24129EF2895002B6EF8 /* Frameworks */,
				C573F24229EF2895002B6EF8 /* Resources */,
			);
			buildRules = (
			);
			dependencies = (
			);
			name = MyFinance;
			productName = MyFinance;
			productReference = C573F24429EF2895002B6EF8 /* MyFinance.app */;
			productType = "com.apple.product-type.application";
		};
/* End PBXNativeTarget section */

/* Begin PBXProject section */
		C573F23C29EF2895002B6EF8 /* Project object */ = {
			isa = PBXProject;
			attributes = {
				BuildIndependentTargetsInParallel = 1;
				LastSwiftUpdateCheck = 1430;
				LastUpgradeCheck = 1430;
				TargetAttributes = {
					C573F24329EF2895002B6EF8 = {
						CreatedOnToolsVersion = 14.3;
					};
				};
			};
			buildConfigurationList = C573F23F29EF2895002B6EF8 /* Build configuration list for PBXProject "MyFinance" */;
			compatibilityVersion = "Xcode 14.0";
			developmentRegion = en;
			hasScannedForEncodings = 0;
			knownRegions = (
				en,
				Base,
			);
			mainGroup = C573F23B29EF2895002B6EF8;
			productRefGroup = C573F24529EF2895002B6EF8 /* Products */;
			projectDirPath = "";
			projectRoot = "";
			targets = (
				C573F24329EF2895002B6EF8 /* MyFinance */,
			);
		};
/* End PBXProject section */

/* Begin PBXResourcesBuildPhase section */
		C573F24229EF2895002B6EF8 /* Resources */ = {
			isa = PBXResourcesBuildPhase;
			buildActionMask = 2147483647;
			files = (
				C573F24F29EF2896002B6EF8 /* Preview Assets.xcassets in Resources */,
				C573F24C29EF2896002B6EF8 /* Assets.xcassets in Resources */,
			);
			runOnlyForDeploymentPostprocessing = 0;
		};
/* End PBXResourcesBuildPhase section */

/* Begin PBXSourcesBuildPhase section */
		C573F24029EF2895002B6EF8 /* Sources */ = {
			isa = PBXSourcesBuildPhase;
			buildActionMask = 2147483647;
			files = (
				C56B299E29F41737004EC15A /* TabView.swift in Sources */,
				C56B29A229F41737004EC15A /* IncomeView.swift in Sources */,
				C573F25429EF2896002B6EF8 /* MyFinance.xcdatamodeld in Sources */,
				C573F25129EF2896002B6EF8 /* Persistence.swift in Sources */,
				C56B29A029F41737004EC15A /* ExpensesView.swift in Sources */,
				C573F24A29EF2895002B6EF8 /* ContentView.swift in Sources */,
				C573F24829EF2895002B6EF8 /* MyFinanceApp.swift in Sources */,
				C56B299F29F41737004EC15A /* DataModel.swift in Sources */,
				C56B29A129F41737004EC15A /* ChartView.swift in Sources */,
			);
			runOnlyForDeploymentPostprocessing = 0;
		};
/* End PBXSourcesBuildPhase section */

/* Begin XCBuildConfiguration section */
		C573F25529EF2896002B6EF8 /* Debug */ = {
			isa = XCBuildConfiguration;
			buildSettings = {
				ALWAYS_SEARCH_USER_PATHS = NO;
				CLANG_ANALYZER_NONNULL = YES;
				CLANG_ANALYZER_NUMBER_OBJECT_CONVERSION = YES_AGGRESSIVE;
				CLANG_CXX_LANGUAGE_STANDARD = "gnu++20";
				CLANG_ENABLE_MODULES = YES;
				CLANG_ENABLE_OBJC_ARC = YES;
				CLANG_ENABLE_OBJC_WEAK = YES;
				CLANG_WARN_BLOCK_CAPTURE_AUTORELEASING = YES;
				CLANG_WARN_BOOL_CONVERSION = YES;
				CLANG_WARN_COMMA = YES;
				CLANG_WARN_CONSTANT_CONVERSION = YES;
				CLANG_WARN_DEPRECATED_OBJC_IMPLEMENTATIONS = YES;
				CLANG_WARN_DIRECT_OBJC_ISA_USAGE = YES_ERROR;
				CLANG_WARN_DOCUMENTATION_COMMENTS = YES;
				CLANG_WARN_EMPTY_BODY = YES;
				CLANG_WARN_ENUM_CONVERSION = YES;
				CLANG_WARN_INFINITE_RECURSION = YES;
				CLANG_WARN_INT_CONVERSION = YES;
				CLANG_WARN_NON_LITERAL_NULL_CONVERSION = YES;
				CLANG_WARN_OBJC_IMPLICIT_RETAIN_SELF = YES;
				CLANG_WARN_OBJC_LITERAL_CONVERSION = YES;
				CLANG_WARN_OBJC_ROOT_CLASS = YES_ERROR;
				CLANG_WARN_QUOTED_INCLUDE_IN_FRAMEWORK_HEADER = YES;
				CLANG_WARN_RANGE_LOOP_ANALYSIS = YES;
				CLANG_WARN_STRICT_PROTOTYPES = YES;
				CLANG_WARN_SUSPICIOUS_MOVE = YES;
				CLANG_WARN_UNGUARDED_AVAILABILITY = YES_AGGRESSIVE;
				CLANG_WARN_UNREACHABLE_CODE = YES;
				CLANG_WARN__DUPLICATE_METHOD_MATCH = YES;
				COPY_PHASE_STRIP = NO;
				DEBUG_INFORMATION_FORMAT = dwarf;
				ENABLE_STRICT_OBJC_MSGSEND = YES;
				ENABLE_TESTABILITY = YES;
				GCC_C_LANGUAGE_STANDARD = gnu11;
				GCC_DYNAMIC_NO_PIC = NO;
				GCC_NO_COMMON_BLOCKS = YES;
				GCC_OPTIMIZATION_LEVEL = 0;
				GCC_PREPROCESSOR_DEFINITIONS = (
					"DEBUG=1",
					"$(inherited)",
				);
				GCC_WARN_64_TO_32_BIT_CONVERSION = YES;
				GCC_WARN_ABOUT_RETURN_TYPE = YES_ERROR;
				GCC_WARN_UNDECLARED_SELECTOR = YES;
				GCC_WARN_UNINITIALIZED_AUTOS = YES_AGGRESSIVE;
				GCC_WARN_UNUSED_FUNCTION = YES;
				GCC_WARN_UNUSED_VARIABLE = YES;
				IPHONEOS_DEPLOYMENT_TARGET = 16.4;
				MTL_ENABLE_DEBUG_INFO = INCLUDE_SOURCE;
				MTL_FAST_MATH = YES;
				ONLY_ACTIVE_ARCH = YES;
				SDKROOT = iphoneos;
				SWIFT_ACTIVE_COMPILATION_CONDITIONS = DEBUG;
				SWIFT_OPTIMIZATION_LEVEL = "-Onone";
			};
			name = Debug;
		};
		C573F25629EF2896002B6EF8 /* Release */ = {
			isa = XCBuildConfiguration;
			buildSettings = {
				ALWAYS_SEARCH_USER_PATHS = NO;
				CLANG_ANALYZER_NONNULL = YES;
				CLANG_ANALYZER_NUMBER_OBJECT_CONVERSION = YES_AGGRESSIVE;
				CLANG_CXX_LANGUAGE_STANDARD = "gnu++20";
				CLANG_ENABLE_MODULES = YES;
				CLANG_ENABLE_OBJC_ARC = YES;
				CLANG_ENABLE_OBJC_WEAK = YES;
				CLANG_WARN_BLOCK_CAPTURE_AUTORELEASING = YES;
				CLANG_WARN_BOOL_CONVERSION = YES;
				CLANG_WARN_COMMA = YES;
				CLANG_WARN_CONSTANT_CONVERSION = YES;
				CLANG_WARN_DEPRECATED_OBJC_IMPLEMENTATIONS = YES;
				CLANG_WARN_DIRECT_OBJC_ISA_USAGE = YES_ERROR;
				CLANG_WARN_DOCUMENTATION_COMMENTS = YES;
				CLANG_WARN_EMPTY_BODY = YES;
				CLANG_WARN_ENUM_CONVERSION = YES;
				CLANG_WARN_INFINITE_RECURSION = YES;
				CLANG_WARN_INT_CONVERSION = YES;
				CLANG_WARN_NON_LITERAL_NULL_CONVERSION = YES;
				CLANG_WARN_OBJC_IMPLICIT_RETAIN_SELF = YES;
				CLANG_WARN_OBJC_LITERAL_CONVERSION = YES;
				CLANG_WARN_OBJC_ROOT_CLASS = YES_ERROR;
				CLANG_WARN_QUOTED_INCLUDE_IN_FRAMEWORK_HEADER = YES;
				CLANG_WARN_RANGE_LOOP_ANALYSIS = YES;
				CLANG_WARN_STRICT_PROTOTYPES = YES;
				CLANG_WARN_SUSPICIOUS_MOVE = YES;
				CLANG_WARN_UNGUARDED_AVAILABILITY = YES_AGGRESSIVE;
				CLANG_WARN_UNREACHABLE_CODE = YES;
				CLANG_WARN__DUPLICATE_METHOD_MATCH = YES;
				COPY_PHASE_STRIP = NO;
				DEBUG_INFORMATION_FORMAT = "dwarf-with-dsym";
				ENABLE_NS_ASSERTIONS = NO;
				ENABLE_STRICT_OBJC_MSGSEND = YES;
				GCC_C_LANGUAGE_STANDARD = gnu11;
				GCC_NO_COMMON_BLOCKS = YES;
				GCC_WARN_64_TO_32_BIT_CONVERSION = YES;
				GCC_WARN_ABOUT_RETURN_TYPE = YES_ERROR;
				GCC_WARN_UNDECLARED_SELECTOR = YES;
				GCC_WARN_UNINITIALIZED_AUTOS = YES_AGGRESSIVE;
				GCC_WARN_UNUSED_FUNCTION = YES;
				GCC_WARN_UNUSED_VARIABLE = YES;
				IPHONEOS_DEPLOYMENT_TARGET = 16.4;
				MTL_ENABLE_DEBUG_INFO = NO;
				MTL_FAST_MATH = YES;
				SDKROOT = iphoneos;
				SWIFT_COMPILATION_MODE = wholemodule;
				SWIFT_OPTIMIZATION_LEVEL = "-O";
				VALIDATE_PRODUCT = YES;
			};
			name = Release;
		};
		C573F25829EF2896002B6EF8 /* Debug */ = {
			isa = XCBuildConfiguration;
			buildSettings = {
				ASSETCATALOG_COMPILER_APPICON_NAME = AppIcon;
				ASSETCATALOG_COMPILER_GLOBAL_ACCENT_COLOR_NAME = AccentColor;
				CODE_SIGN_STYLE = Automatic;
				CURRENT_PROJECT_VERSION = 1;
				DEVELOPMENT_ASSET_PATHS = "\"MyFinance/Preview Content\"";
				DEVELOPMENT_TEAM = 769L2N8FTJ;
				ENABLE_PREVIEWS = YES;
				GENERATE_INFOPLIST_FILE = YES;
				INFOPLIST_KEY_UIApplicationSceneManifest_Generation = YES;
				INFOPLIST_KEY_UIApplicationSupportsIndirectInputEvents = YES;
				INFOPLIST_KEY_UILaunchScreen_Generation = YES;
				INFOPLIST_KEY_UISupportedInterfaceOrientations_iPad = "UIInterfaceOrientationPortrait UIInterfaceOrientationPortraitUpsideDown UIInterfaceOrientationLandscapeLeft UIInterfaceOrientationLandscapeRight";
				INFOPLIST_KEY_UISupportedInterfaceOrientations_iPhone = "UIInterfaceOrientationPortrait UIInterfaceOrientationLandscapeLeft UIInterfaceOrientationLandscapeRight";
				LD_RUNPATH_SEARCH_PATHS = (
					"$(inherited)",
					"@executable_path/Frameworks",
				);
				MARKETING_VERSION = 1.0;
				PRODUCT_BUNDLE_IDENTIFIER = KazennovAI.MyFinance;
				PRODUCT_NAME = "$(TARGET_NAME)";
				SWIFT_EMIT_LOC_STRINGS = YES;
				SWIFT_VERSION = 5.0;
				TARGETED_DEVICE_FAMILY = "1,2";
			};
			name = Debug;
		};
		C573F25929EF2896002B6EF8 /* Release */ = {
			isa = XCBuildConfiguration;
			buildSettings = {
				ASSETCATALOG_COMPILER_APPICON_NAME = AppIcon;
				ASSETCATALOG_COMPILER_GLOBAL_ACCENT_COLOR_NAME = AccentColor;
				CODE_SIGN_STYLE = Automatic;
				CURRENT_PROJECT_VERSION = 1;
				DEVELOPMENT_ASSET_PATHS = "\"MyFinance/Preview Content\"";
				DEVELOPMENT_TEAM = 769L2N8FTJ;
				ENABLE_PREVIEWS = YES;
				GENERATE_INFOPLIST_FILE = YES;
				INFOPLIST_KEY_UIApplicationSceneManifest_Generation = YES;
				INFOPLIST_KEY_UIApplicationSupportsIndirectInputEvents = YES;
				INFOPLIST_KEY_UILaunchScreen_Generation = YES;
				INFOPLIST_KEY_UISupportedInterfaceOrientations_iPad = "UIInterfaceOrientationPortrait UIInterfaceOrientationPortraitUpsideDown UIInterfaceOrientationLandscapeLeft UIInterfaceOrientationLandscapeRight";
				INFOPLIST_KEY_UISupportedInterfaceOrientations_iPhone = "UIInterfaceOrientationPortrait UIInterfaceOrientationLandscapeLeft UIInterfaceOrientationLandscapeRight";
				LD_RUNPATH_SEARCH_PATHS = (
					"$(inherited)",
					"@executable_path/Frameworks",
				);
				MARKETING_VERSION = 1.0;
				PRODUCT_BUNDLE_IDENTIFIER = KazennovAI.MyFinance;
				PRODUCT_NAME = "$(TARGET_NAME)";
				SWIFT_EMIT_LOC_STRINGS = YES;
				SWIFT_VERSION = 5.0;
				TARGETED_DEVICE_FAMILY = "1,2";
			};
			name = Release;
		};
/* End XCBuildConfiguration section */

/* Begin XCConfigurationList section */
		C573F23F29EF2895002B6EF8 /* Build configuration list for PBXProject "MyFinance" */ = {
			isa = XCConfigurationList;
			buildConfigurations = (
				C573F25529EF2896002B6EF8 /* Debug */,
				C573F25629EF2896002B6EF8 /* Release */,
			);
			defaultConfigurationIsVisible = 0;
			defaultConfigurationName = Release;
		};
		C573F25729EF2896002B6EF8 /* Build configuration list for PBXNativeTarget "MyFinance" */ = {
			isa = XCConfigurationList;
			buildConfigurations = (
				C573F25829EF2896002B6EF8 /* Debug */,
				C573F25929EF2896002B6EF8 /* Release */,
			);
			defaultConfigurationIsVisible = 0;
			defaultConfigurationName = Release;
		};
/* End XCConfigurationList section */

/* Begin XCVersionGroup section */
		C573F25229EF2896002B6EF8 /* MyFinance.xcdatamodeld */ = {
			isa = XCVersionGroup;
			children = (
				C573F25329EF2896002B6EF8 /* MyFinance.xcdatamodel */,
			);
			currentVersion = C573F25329EF2896002B6EF8 /* MyFinance.xcdatamodel */;
			path = MyFinance.xcdatamodeld;
			sourceTree = "<group>";
			versionGroupType = wrapper.xcdatamodel;
		};
/* End XCVersionGroup section */
	};
	rootObject = C573F23C29EF2895002B6EF8 /* Project object */;
}
